
Microsoft Visual Studio Solution File, Format Version 12.00
# Visual Studio 15
VisualStudioVersion = 15.0.28307.757
MinimumVisualStudioVersion = 10.0.40219.1
Project("{FAE04EC0-301F-11D3-BF4B-00C04F79EFBC}") = "BookingoApi", "BookingoApi\BookingoApi.csproj", "{3C42A570-4A68-4583-9957-90C33AA60564}"
EndProject
Project("{FAE04EC0-301F-11D3-BF4B-00C04F79EFBC}") = "BookingoApi.UnitTests", "BookingoApi.UnitTests\BookingoApi.UnitTests.csproj", "{F387BD55-FB08-4E93-A67F-3EA52396537E}"
EndProject
Project("{FAE04EC0-301F-11D3-BF4B-00C04F79EFBC}") = "FireBaseAuth", "..\WebApiBase\FireBaseAuth\FireBaseAuth.csproj", "{EB2CE571-AEAE-4A77-A226-EDCDDA1B2842}"
EndProject
Global
	GlobalSection(SolutionConfigurationPlatforms) = preSolution
		Debug|Any CPU = Debug|Any CPU
		Release|Any CPU = Release|Any CPU
	EndGlobalSection
	GlobalSection(ProjectConfigurationPlatforms) = postSolution
		{3C42A570-4A68-4583-9957-90C33AA60564}.Debug|Any CPU.ActiveCfg = Debug|Any CPU
		{3C42A570-4A68-4583-9957-90C33AA60564}.Debug|Any CPU.Build.0 = Debug|Any CPU
		{3C42A570-4A68-4583-9957-90C33AA60564}.Release|Any CPU.ActiveCfg = Release|Any CPU
		{3C42A570-4A68-4583-9957-90C33AA60564}.Release|Any CPU.Build.0 = Release|Any CPU
		{F387BD55-FB08-4E93-A67F-3EA52396537E}.Debug|Any CPU.ActiveCfg = Debug|Any CPU
		{F387BD55-FB08-4E93-A67F-3EA52396537E}.Debug|Any CPU.Build.0 = Debug|Any CPU
		{F387BD55-FB08-4E93-A67F-3EA52396537E}.Release|Any CPU.ActiveCfg = Release|Any CPU
		{F387BD55-FB08-4E93-A67F-3EA52396537E}.Release|Any CPU.Build.0 = Release|Any CPU
		{EB2CE571-AEAE-4A77-A226-EDCDDA1B2842}.Debug|Any CPU.ActiveCfg = Debug|Any CPU
		{EB2CE571-AEAE-4A77-A226-EDCDDA1B2842}.Debug|Any CPU.Build.0 = Debug|Any CPU
		{EB2CE571-AEAE-4A77-A226-EDCDDA1B2842}.Release|Any CPU.ActiveCfg = Release|Any CPU
		{EB2CE571-AEAE-4A77-A226-EDCDDA1B2842}.Release|Any CPU.Build.0 = Release|Any CPU
	EndGlobalSection
	GlobalSection(SolutionProperties) = preSolution
		HideSolutionNode = FALSE
	EndGlobalSection
	GlobalSection(ExtensibilityGlobals) = postSolution
		SolutionGuid = {A1756D72-92D4-4AA1-AB3C-5046EA76BE0C}
	EndGlobalSection
EndGlobal
